
Microsoft Visual Studio Solution File, Format Version 12.00
# Visual Studio Version 16
VisualStudioVersion = 16.0.30204.135
MinimumVisualStudioVersion = 10.0.40219.1
Project("{FAE04EC0-301F-11D3-BF4B-00C04F79EFBC}") = "Tech.weather UI", "Tech.weather UI\Tech.weather UI.csproj", "{F1687069-2CE3-466A-8C82-E7D397E61BA5}"
EndProject
Project("{FAE04EC0-301F-11D3-BF4B-00C04F79EFBC}") = "Tech.Weather.DAL", "Tech.Weather.DAL\Tech.Weather.DAL.csproj", "{28BE286A-7128-4B2A-B73D-9B719E077E33}"
EndProject
Project("{FAE04EC0-301F-11D3-BF4B-00C04F79EFBC}") = "Tech.Weather.Entites", "Tech.Weather.Entites\Tech.Weather.Entites.csproj", "{B1FE7E01-3FF7-4AC5-AE15-EDCE53F848B5}"
EndProject
Project("{FAE04EC0-301F-11D3-BF4B-00C04F79EFBC}") = "Tech.Weather.Model", "Tech.Weather.Model\Tech.Weather.Model.csproj", "{415D08CB-4117-4D2B-91CF-91834E4E39E0}"
EndProject
Global
	GlobalSection(SolutionConfigurationPlatforms) = preSolution
		Debug|Any CPU = Debug|Any CPU
		Release|Any CPU = Release|Any CPU
	EndGlobalSection
	GlobalSection(ProjectConfigurationPlatforms) = postSolution
		{F1687069-2CE3-466A-8C82-E7D397E61BA5}.Debug|Any CPU.ActiveCfg = Debug|Any CPU
		{F1687069-2CE3-466A-8C82-E7D397E61BA5}.Debug|Any CPU.Build.0 = Debug|Any CPU
		{F1687069-2CE3-466A-8C82-E7D397E61BA5}.Release|Any CPU.ActiveCfg = Release|Any CPU
		{F1687069-2CE3-466A-8C82-E7D397E61BA5}.Release|Any CPU.Build.0 = Release|Any CPU
		{28BE286A-7128-4B2A-B73D-9B719E077E33}.Debug|Any CPU.ActiveCfg = Debug|Any CPU
		{28BE286A-7128-4B2A-B73D-9B719E077E33}.Debug|Any CPU.Build.0 = Debug|Any CPU
		{28BE286A-7128-4B2A-B73D-9B719E077E33}.Release|Any CPU.ActiveCfg = Release|Any CPU
		{28BE286A-7128-4B2A-B73D-9B719E077E33}.Release|Any CPU.Build.0 = Release|Any CPU
		{B1FE7E01-3FF7-4AC5-AE15-EDCE53F848B5}.Debug|Any CPU.ActiveCfg = Debug|Any CPU
		{B1FE7E01-3FF7-4AC5-AE15-EDCE53F848B5}.Debug|Any CPU.Build.0 = Debug|Any CPU
		{B1FE7E01-3FF7-4AC5-AE15-EDCE53F848B5}.Release|Any CPU.ActiveCfg = Release|Any CPU
		{B1FE7E01-3FF7-4AC5-AE15-EDCE53F848B5}.Release|Any CPU.Build.0 = Release|Any CPU
		{415D08CB-4117-4D2B-91CF-91834E4E39E0}.Debug|Any CPU.ActiveCfg = Debug|Any CPU
		{415D08CB-4117-4D2B-91CF-91834E4E39E0}.Debug|Any CPU.Build.0 = Debug|Any CPU
		{415D08CB-4117-4D2B-91CF-91834E4E39E0}.Release|Any CPU.ActiveCfg = Release|Any CPU
		{415D08CB-4117-4D2B-91CF-91834E4E39E0}.Release|Any CPU.Build.0 = Release|Any CPU
	EndGlobalSection
	GlobalSection(SolutionProperties) = preSolution
		HideSolutionNode = FALSE
	EndGlobalSection
	GlobalSection(ExtensibilityGlobals) = postSolution
		SolutionGuid = {8B12A8D7-9D84-4E54-94CE-8F0C82BB7200}
	EndGlobalSection
EndGlobal
